
Microsoft Visual Studio Solution File, Format Version 12.00
# Visual Studio Version 16
VisualStudioVersion = 16.0.808.8
MinimumVisualStudioVersion = 10.0.40219.1
Project("{FAE04EC0-301F-11D3-BF4B-00C04F79EFBC}") = "RecruitCatNarangdk", "RecruitCatNarangdk.csproj", "{2ED4A354-F843-4850-B827-F589F917224E}"
EndProject
Global
	GlobalSection(SolutionConfigurationPlatforms) = preSolution
		Debug|Any CPU = Debug|Any CPU
		Release|Any CPU = Release|Any CPU
	EndGlobalSection
	GlobalSection(ProjectConfigurationPlatforms) = postSolution
		{2ED4A354-F843-4850-B827-F589F917224E}.Debug|Any CPU.ActiveCfg = Debug|Any CPU
		{2ED4A354-F843-4850-B827-F589F917224E}.Debug|Any CPU.Build.0 = Debug|Any CPU
		{2ED4A354-F843-4850-B827-F589F917224E}.Release|Any CPU.ActiveCfg = Release|Any CPU
		{2ED4A354-F843-4850-B827-F589F917224E}.Release|Any CPU.Build.0 = Release|Any CPU
	EndGlobalSection
	GlobalSection(SolutionProperties) = preSolution
		HideSolutionNode = FALSE
	EndGlobalSection
	GlobalSection(ExtensibilityGlobals) = postSolution
		SolutionGuid = {346A5193-2CF3-4BDC-864B-B89C952E4D95}
	EndGlobalSection
EndGlobal
